
Microsoft Visual Studio Solution File, Format Version 12.00
# Visual Studio 15
Project("{FAE04EC0-301F-11D3-BF4B-00C04F79EFBC}") = "podcast", "test\podcast.csproj", "{0459641B-0F4E-4DD1-BAD1-1AA44C852130}"
EndProject
Global
	GlobalSection(SolutionConfigurationPlatforms) = preSolution
		Debug|anycpu = Debug|anycpu
		Release|anycpu = Release|anycpu
	EndGlobalSection
	GlobalSection(ProjectConfigurationPlatforms) = postSolution
		{0459641B-0F4E-4DD1-BAD1-1AA44C852130}.Debug|anycpu.ActiveCfg = Debug|anycpu
		{0459641B-0F4E-4DD1-BAD1-1AA44C852130}.Debug|anycpu.Build.0 = Debug|anycpu
		{0459641B-0F4E-4DD1-BAD1-1AA44C852130}.Release|anycpu.ActiveCfg = Release|anycpu
		{0459641B-0F4E-4DD1-BAD1-1AA44C852130}.Release|anycpu.Build.0 = Release|anycpu
	EndGlobalSection
EndGlobal
